// !$*UTF8*$!
{
	archiveVersion = 1;
	classes = {
	};
	objectVersion = 56;
	objects = {

/* Begin PBXBuildFile section */
		189963892A11262300BBFC80 /* SignupView.swift in Sources */ = {isa = PBXBuildFile; fileRef = 189963882A11262300BBFC80 /* SignupView.swift */; };
		1899638B2A11262E00BBFC80 /* LoginView.swift in Sources */ = {isa = PBXBuildFile; fileRef = 1899638A2A11262E00BBFC80 /* LoginView.swift */; };
		18A2440E2A111AC2007F2CE7 /* Constant.swift in Sources */ = {isa = PBXBuildFile; fileRef = 18A2440D2A111AC2007F2CE7 /* Constant.swift */; };
		18A244102A111E7C007F2CE7 /* SidebarItem.swift in Sources */ = {isa = PBXBuildFile; fileRef = 18A2440F2A111E7C007F2CE7 /* SidebarItem.swift */; };
		18A244122A111EB1007F2CE7 /* HomeVM.swift in Sources */ = {isa = PBXBuildFile; fileRef = 18A244112A111EB1007F2CE7 /* HomeVM.swift */; };
		18A244162A112209007F2CE7 /* OperationsView.swift in Sources */ = {isa = PBXBuildFile; fileRef = 18A244152A112209007F2CE7 /* OperationsView.swift */; };
		18A244182A11221C007F2CE7 /* TransectionsView.swift in Sources */ = {isa = PBXBuildFile; fileRef = 18A244172A11221C007F2CE7 /* TransectionsView.swift */; };
		18A2441A2A112239007F2CE7 /* ReportsView.swift in Sources */ = {isa = PBXBuildFile; fileRef = 18A244192A112239007F2CE7 /* ReportsView.swift */; };
		18A2441C2A112243007F2CE7 /* SettingsView.swift in Sources */ = {isa = PBXBuildFile; fileRef = 18A2441B2A112243007F2CE7 /* SettingsView.swift */; };
		18A2441E2A112250007F2CE7 /* AccountView.swift in Sources */ = {isa = PBXBuildFile; fileRef = 18A2441D2A112250007F2CE7 /* AccountView.swift */; };
		18FD587E29F920B900042E3D /* XpensifyApp.swift in Sources */ = {isa = PBXBuildFile; fileRef = 18FD587D29F920B900042E3D /* XpensifyApp.swift */; };
		18FD588029F920B900042E3D /* HomeView.swift in Sources */ = {isa = PBXBuildFile; fileRef = 18FD587F29F920B900042E3D /* HomeView.swift */; };
		18FD588229F920BA00042E3D /* Assets.xcassets in Resources */ = {isa = PBXBuildFile; fileRef = 18FD588129F920BA00042E3D /* Assets.xcassets */; };
		18FD588629F920BA00042E3D /* Preview Assets.xcassets in Resources */ = {isa = PBXBuildFile; fileRef = 18FD588529F920BA00042E3D /* Preview Assets.xcassets */; };
/* End PBXBuildFile section */

/* Begin PBXFileReference section */
		189963882A11262300BBFC80 /* SignupView.swift */ = {isa = PBXFileReference; lastKnownFileType = sourcecode.swift; path = SignupView.swift; sourceTree = "<group>"; };
		1899638A2A11262E00BBFC80 /* LoginView.swift */ = {isa = PBXFileReference; lastKnownFileType = sourcecode.swift; path = LoginView.swift; sourceTree = "<group>"; };
		18A2440D2A111AC2007F2CE7 /* Constant.swift */ = {isa = PBXFileReference; lastKnownFileType = sourcecode.swift; path = Constant.swift; sourceTree = "<group>"; };
		18A2440F2A111E7C007F2CE7 /* SidebarItem.swift */ = {isa = PBXFileReference; lastKnownFileType = sourcecode.swift; path = SidebarItem.swift; sourceTree = "<group>"; };
		18A244112A111EB1007F2CE7 /* HomeVM.swift */ = {isa = PBXFileReference; lastKnownFileType = sourcecode.swift; path = HomeVM.swift; sourceTree = "<group>"; };
		18A244152A112209007F2CE7 /* OperationsView.swift */ = {isa = PBXFileReference; lastKnownFileType = sourcecode.swift; path = OperationsView.swift; sourceTree = "<group>"; };
		18A244172A11221C007F2CE7 /* TransectionsView.swift */ = {isa = PBXFileReference; lastKnownFileType = sourcecode.swift; path = TransectionsView.swift; sourceTree = "<group>"; };
		18A244192A112239007F2CE7 /* ReportsView.swift */ = {isa = PBXFileReference; lastKnownFileType = sourcecode.swift; path = ReportsView.swift; sourceTree = "<group>"; };
		18A2441B2A112243007F2CE7 /* SettingsView.swift */ = {isa = PBXFileReference; lastKnownFileType = sourcecode.swift; path = SettingsView.swift; sourceTree = "<group>"; };
		18A2441D2A112250007F2CE7 /* AccountView.swift */ = {isa = PBXFileReference; lastKnownFileType = sourcecode.swift; path = AccountView.swift; sourceTree = "<group>"; };
		18FD587A29F920B900042E3D /* Xpensify.app */ = {isa = PBXFileReference; explicitFileType = wrapper.application; includeInIndex = 0; path = Xpensify.app; sourceTree = BUILT_PRODUCTS_DIR; };
		18FD587D29F920B900042E3D /* XpensifyApp.swift */ = {isa = PBXFileReference; lastKnownFileType = sourcecode.swift; path = XpensifyApp.swift; sourceTree = "<group>"; };
		18FD587F29F920B900042E3D /* HomeView.swift */ = {isa = PBXFileReference; lastKnownFileType = sourcecode.swift; path = HomeView.swift; sourceTree = "<group>"; };
		18FD588129F920BA00042E3D /* Assets.xcassets */ = {isa = PBXFileReference; lastKnownFileType = folder.assetcatalog; path = Assets.xcassets; sourceTree = "<group>"; };
		18FD588329F920BA00042E3D /* Xpensify.entitlements */ = {isa = PBXFileReference; lastKnownFileType = text.plist.entitlements; path = Xpensify.entitlements; sourceTree = "<group>"; };
		18FD588529F920BA00042E3D /* Preview Assets.xcassets */ = {isa = PBXFileReference; lastKnownFileType = folder.assetcatalog; path = "Preview Assets.xcassets"; sourceTree = "<group>"; };
/* End PBXFileReference section */

/* Begin PBXFrameworksBuildPhase section */
		18FD587729F920B900042E3D /* Frameworks */ = {
			isa = PBXFrameworksBuildPhase;
			buildActionMask = 2147483647;
			files = (
			);
			runOnlyForDeploymentPostprocessing = 0;
		};
/* End PBXFrameworksBuildPhase section */

/* Begin PBXGroup section */
		18A244062A110DF1007F2CE7 /* Views */ = {
			isa = PBXGroup;
			children = (
				189963882A11262300BBFC80 /* SignupView.swift */,
				1899638A2A11262E00BBFC80 /* LoginView.swift */,
				18FD587F29F920B900042E3D /* HomeView.swift */,
				18A244152A112209007F2CE7 /* OperationsView.swift */,
				18A244172A11221C007F2CE7 /* TransectionsView.swift */,
				18A244192A112239007F2CE7 /* ReportsView.swift */,
				18A2441B2A112243007F2CE7 /* SettingsView.swift */,
				18A2441D2A112250007F2CE7 /* AccountView.swift */,
			);
			path = Views;
			sourceTree = "<group>";
		};
		18A244072A110E01007F2CE7 /* Models */ = {
			isa = PBXGroup;
			children = (
				18A2440F2A111E7C007F2CE7 /* SidebarItem.swift */,
			);
			path = Models;
			sourceTree = "<group>";
		};
		18A244082A110E0A007F2CE7 /* ViewModels */ = {
			isa = PBXGroup;
			children = (
				18A244112A111EB1007F2CE7 /* HomeVM.swift */,
			);
			path = ViewModels;
			sourceTree = "<group>";
		};
		18A244092A110E1A007F2CE7 /* Networking */ = {
			isa = PBXGroup;
			children = (
			);
			path = Networking;
			sourceTree = "<group>";
		};
		18A2440A2A110E28007F2CE7 /* Utilities */ = {
			isa = PBXGroup;
			children = (
				18A2440D2A111AC2007F2CE7 /* Constant.swift */,
			);
			path = Utilities;
			sourceTree = "<group>";
		};
		18FD587129F920B800042E3D = {
			isa = PBXGroup;
			children = (
				18FD587C29F920B900042E3D /* Xpensify */,
				18FD587B29F920B900042E3D /* Products */,
			);
			sourceTree = "<group>";
		};
		18FD587B29F920B900042E3D /* Products */ = {
			isa = PBXGroup;
			children = (
				18FD587A29F920B900042E3D /* Xpensify.app */,
			);
			name = Products;
			sourceTree = "<group>";
		};
		18FD587C29F920B900042E3D /* Xpensify */ = {
			isa = PBXGroup;
			children = (
				18A244062A110DF1007F2CE7 /* Views */,
				18A244082A110E0A007F2CE7 /* ViewModels */,
				18A244072A110E01007F2CE7 /* Models */,
				18A244092A110E1A007F2CE7 /* Networking */,
				18A2440A2A110E28007F2CE7 /* Utilities */,
				18FD587D29F920B900042E3D /* XpensifyApp.swift */,
				18FD588129F920BA00042E3D /* Assets.xcassets */,
				18FD588329F920BA00042E3D /* Xpensify.entitlements */,
				18FD588429F920BA00042E3D /* Preview Content */,
			);
			path = Xpensify;
			sourceTree = "<group>";
		};
		18FD588429F920BA00042E3D /* Preview Content */ = {
			isa = PBXGroup;
			children = (
				18FD588529F920BA00042E3D /* Preview Assets.xcassets */,
			);
			path = "Preview Content";
			sourceTree = "<group>";
		};
/* End PBXGroup section */

/* Begin PBXNativeTarget section */
		18FD587929F920B900042E3D /* Xpensify */ = {
			isa = PBXNativeTarget;
			buildConfigurationList = 18FD588929F920BA00042E3D /* Build configuration list for PBXNativeTarget "Xpensify" */;
			buildPhases = (
				18FD587629F920B900042E3D /* Sources */,
				18FD587729F920B900042E3D /* Frameworks */,
				18FD587829F920B900042E3D /* Resources */,
			);
			buildRules = (
			);
			dependencies = (
			);
			name = Xpensify;
			productName = Xpensify;
			productReference = 18FD587A29F920B900042E3D /* Xpensify.app */;
			productType = "com.apple.product-type.application";
		};
/* End PBXNativeTarget section */

/* Begin PBXProject section */
		18FD587229F920B800042E3D /* Project object */ = {
			isa = PBXProject;
			attributes = {
				BuildIndependentTargetsInParallel = 1;
				LastSwiftUpdateCheck = 1420;
				LastUpgradeCheck = 1420;
				TargetAttributes = {
					18FD587929F920B900042E3D = {
						CreatedOnToolsVersion = 14.2;
					};
				};
			};
			buildConfigurationList = 18FD587529F920B800042E3D /* Build configuration list for PBXProject "Xpensify" */;
			compatibilityVersion = "Xcode 14.0";
			developmentRegion = en;
			hasScannedForEncodings = 0;
			knownRegions = (
				en,
				Base,
			);
			mainGroup = 18FD587129F920B800042E3D;
			productRefGroup = 18FD587B29F920B900042E3D /* Products */;
			projectDirPath = "";
			projectRoot = "";
			targets = (
				18FD587929F920B900042E3D /* Xpensify */,
			);
		};
/* End PBXProject section */

/* Begin PBXResourcesBuildPhase section */
		18FD587829F920B900042E3D /* Resources */ = {
			isa = PBXResourcesBuildPhase;
			buildActionMask = 2147483647;
			files = (
				18FD588629F920BA00042E3D /* Preview Assets.xcassets in Resources */,
				18FD588229F920BA00042E3D /* Assets.xcassets in Resources */,
			);
			runOnlyForDeploymentPostprocessing = 0;
		};
/* End PBXResourcesBuildPhase section */

/* Begin PBXSourcesBuildPhase section */
		18FD587629F920B900042E3D /* Sources */ = {
			isa = PBXSourcesBuildPhase;
			buildActionMask = 2147483647;
			files = (
				18A244162A112209007F2CE7 /* OperationsView.swift in Sources */,
				18FD588029F920B900042E3D /* HomeView.swift in Sources */,
				18A244122A111EB1007F2CE7 /* HomeVM.swift in Sources */,
				18A2441C2A112243007F2CE7 /* SettingsView.swift in Sources */,
				18A2441E2A112250007F2CE7 /* AccountView.swift in Sources */,
				18A244102A111E7C007F2CE7 /* SidebarItem.swift in Sources */,
				1899638B2A11262E00BBFC80 /* LoginView.swift in Sources */,
				18A244182A11221C007F2CE7 /* TransectionsView.swift in Sources */,
				18A2440E2A111AC2007F2CE7 /* Constant.swift in Sources */,
				18A2441A2A112239007F2CE7 /* ReportsView.swift in Sources */,
				189963892A11262300BBFC80 /* SignupView.swift in Sources */,
				18FD587E29F920B900042E3D /* XpensifyApp.swift in Sources */,
			);
			runOnlyForDeploymentPostprocessing = 0;
		};
/* End PBXSourcesBuildPhase section */

/* Begin XCBuildConfiguration section */
		18FD588729F920BA00042E3D /* Debug */ = {
			isa = XCBuildConfiguration;
			buildSettings = {
				ALWAYS_SEARCH_USER_PATHS = NO;
				CLANG_ANALYZER_NONNULL = YES;
				CLANG_ANALYZER_NUMBER_OBJECT_CONVERSION = YES_AGGRESSIVE;
				CLANG_CXX_LANGUAGE_STANDARD = "gnu++20";
				CLANG_ENABLE_MODULES = YES;
				CLANG_ENABLE_OBJC_ARC = YES;
				CLANG_ENABLE_OBJC_WEAK = YES;
				CLANG_WARN_BLOCK_CAPTURE_AUTORELEASING = YES;
				CLANG_WARN_BOOL_CONVERSION = YES;
				CLANG_WARN_COMMA = YES;
				CLANG_WARN_CONSTANT_CONVERSION = YES;
				CLANG_WARN_DEPRECATED_OBJC_IMPLEMENTATIONS = YES;
				CLANG_WARN_DIRECT_OBJC_ISA_USAGE = YES_ERROR;
				CLANG_WARN_DOCUMENTATION_COMMENTS = YES;
				CLANG_WARN_EMPTY_BODY = YES;
				CLANG_WARN_ENUM_CONVERSION = YES;
				CLANG_WARN_INFINITE_RECURSION = YES;
				CLANG_WARN_INT_CONVERSION = YES;
				CLANG_WARN_NON_LITERAL_NULL_CONVERSION = YES;
				CLANG_WARN_OBJC_IMPLICIT_RETAIN_SELF = YES;
				CLANG_WARN_OBJC_LITERAL_CONVERSION = YES;
				CLANG_WARN_OBJC_ROOT_CLASS = YES_ERROR;
				CLANG_WARN_QUOTED_INCLUDE_IN_FRAMEWORK_HEADER = YES;
				CLANG_WARN_RANGE_LOOP_ANALYSIS = YES;
				CLANG_WARN_STRICT_PROTOTYPES = YES;
				CLANG_WARN_SUSPICIOUS_MOVE = YES;
				CLANG_WARN_UNGUARDED_AVAILABILITY = YES_AGGRESSIVE;
				CLANG_WARN_UNREACHABLE_CODE = YES;
				CLANG_WARN__DUPLICATE_METHOD_MATCH = YES;
				COPY_PHASE_STRIP = NO;
				DEBUG_INFORMATION_FORMAT = dwarf;
				ENABLE_STRICT_OBJC_MSGSEND = YES;
				ENABLE_TESTABILITY = YES;
				GCC_C_LANGUAGE_STANDARD = gnu11;
				GCC_DYNAMIC_NO_PIC = NO;
				GCC_NO_COMMON_BLOCKS = YES;
				GCC_OPTIMIZATION_LEVEL = 0;
				GCC_PREPROCESSOR_DEFINITIONS = (
					"DEBUG=1",
					"$(inherited)",
				);
				GCC_WARN_64_TO_32_BIT_CONVERSION = YES;
				GCC_WARN_ABOUT_RETURN_TYPE = YES_ERROR;
				GCC_WARN_UNDECLARED_SELECTOR = YES;
				GCC_WARN_UNINITIALIZED_AUTOS = YES_AGGRESSIVE;
				GCC_WARN_UNUSED_FUNCTION = YES;
				GCC_WARN_UNUSED_VARIABLE = YES;
				MTL_ENABLE_DEBUG_INFO = INCLUDE_SOURCE;
				MTL_FAST_MATH = YES;
				ONLY_ACTIVE_ARCH = YES;
				SWIFT_ACTIVE_COMPILATION_CONDITIONS = DEBUG;
				SWIFT_OPTIMIZATION_LEVEL = "-Onone";
			};
			name = Debug;
		};
		18FD588829F920BA00042E3D /* Release */ = {
			isa = XCBuildConfiguration;
			buildSettings = {
				ALWAYS_SEARCH_USER_PATHS = NO;
				CLANG_ANALYZER_NONNULL = YES;
				CLANG_ANALYZER_NUMBER_OBJECT_CONVERSION = YES_AGGRESSIVE;
				CLANG_CXX_LANGUAGE_STANDARD = "gnu++20";
				CLANG_ENABLE_MODULES = YES;
				CLANG_ENABLE_OBJC_ARC = YES;
				CLANG_ENABLE_OBJC_WEAK = YES;
				CLANG_WARN_BLOCK_CAPTURE_AUTORELEASING = YES;
				CLANG_WARN_BOOL_CONVERSION = YES;
				CLANG_WARN_COMMA = YES;
				CLANG_WARN_CONSTANT_CONVERSION = YES;
				CLANG_WARN_DEPRECATED_OBJC_IMPLEMENTATIONS = YES;
				CLANG_WARN_DIRECT_OBJC_ISA_USAGE = YES_ERROR;
				CLANG_WARN_DOCUMENTATION_COMMENTS = YES;
				CLANG_WARN_EMPTY_BODY = YES;
				CLANG_WARN_ENUM_CONVERSION = YES;
				CLANG_WARN_INFINITE_RECURSION = YES;
				CLANG_WARN_INT_CONVERSION = YES;
				CLANG_WARN_NON_LITERAL_NULL_CONVERSION = YES;
				CLANG_WARN_OBJC_IMPLICIT_RETAIN_SELF = YES;
				CLANG_WARN_OBJC_LITERAL_CONVERSION = YES;
				CLANG_WARN_OBJC_ROOT_CLASS = YES_ERROR;
				CLANG_WARN_QUOTED_INCLUDE_IN_FRAMEWORK_HEADER = YES;
				CLANG_WARN_RANGE_LOOP_ANALYSIS = YES;
				CLANG_WARN_STRICT_PROTOTYPES = YES;
				CLANG_WARN_SUSPICIOUS_MOVE = YES;
				CLANG_WARN_UNGUARDED_AVAILABILITY = YES_AGGRESSIVE;
				CLANG_WARN_UNREACHABLE_CODE = YES;
				CLANG_WARN__DUPLICATE_METHOD_MATCH = YES;
				COPY_PHASE_STRIP = NO;
				DEBUG_INFORMATION_FORMAT = "dwarf-with-dsym";
				ENABLE_NS_ASSERTIONS = NO;
				ENABLE_STRICT_OBJC_MSGSEND = YES;
				GCC_C_LANGUAGE_STANDARD = gnu11;
				GCC_NO_COMMON_BLOCKS = YES;
				GCC_WARN_64_TO_32_BIT_CONVERSION = YES;
				GCC_WARN_ABOUT_RETURN_TYPE = YES_ERROR;
				GCC_WARN_UNDECLARED_SELECTOR = YES;
				GCC_WARN_UNINITIALIZED_AUTOS = YES_AGGRESSIVE;
				GCC_WARN_UNUSED_FUNCTION = YES;
				GCC_WARN_UNUSED_VARIABLE = YES;
				MTL_ENABLE_DEBUG_INFO = NO;
				MTL_FAST_MATH = YES;
				SWIFT_COMPILATION_MODE = wholemodule;
				SWIFT_OPTIMIZATION_LEVEL = "-O";
			};
			name = Release;
		};
		18FD588A29F920BA00042E3D /* Debug */ = {
			isa = XCBuildConfiguration;
			buildSettings = {
				ASSETCATALOG_COMPILER_APPICON_NAME = AppIcon;
				ASSETCATALOG_COMPILER_GLOBAL_ACCENT_COLOR_NAME = AccentColor;
				CODE_SIGN_ENTITLEMENTS = Xpensify/Xpensify.entitlements;
				CODE_SIGN_STYLE = Automatic;
				CURRENT_PROJECT_VERSION = 1;
				DEVELOPMENT_ASSET_PATHS = "\"Xpensify/Preview Content\"";
				DEVELOPMENT_TEAM = 4FT34TR735;
				ENABLE_HARDENED_RUNTIME = YES;
				ENABLE_PREVIEWS = YES;
				GENERATE_INFOPLIST_FILE = YES;
				"INFOPLIST_KEY_UIApplicationSceneManifest_Generation[sdk=iphoneos*]" = YES;
				"INFOPLIST_KEY_UIApplicationSceneManifest_Generation[sdk=iphonesimulator*]" = YES;
				"INFOPLIST_KEY_UIApplicationSupportsIndirectInputEvents[sdk=iphoneos*]" = YES;
				"INFOPLIST_KEY_UIApplicationSupportsIndirectInputEvents[sdk=iphonesimulator*]" = YES;
				"INFOPLIST_KEY_UILaunchScreen_Generation[sdk=iphoneos*]" = YES;
				"INFOPLIST_KEY_UILaunchScreen_Generation[sdk=iphonesimulator*]" = YES;
				"INFOPLIST_KEY_UIStatusBarStyle[sdk=iphoneos*]" = UIStatusBarStyleDefault;
				"INFOPLIST_KEY_UIStatusBarStyle[sdk=iphonesimulator*]" = UIStatusBarStyleDefault;
				INFOPLIST_KEY_UISupportedInterfaceOrientations_iPad = "UIInterfaceOrientationPortrait UIInterfaceOrientationPortraitUpsideDown UIInterfaceOrientationLandscapeLeft UIInterfaceOrientationLandscapeRight";
				INFOPLIST_KEY_UISupportedInterfaceOrientations_iPhone = "UIInterfaceOrientationPortrait UIInterfaceOrientationLandscapeLeft UIInterfaceOrientationLandscapeRight";
				IPHONEOS_DEPLOYMENT_TARGET = 16.2;
				LD_RUNPATH_SEARCH_PATHS = "@executable_path/Frameworks";
				"LD_RUNPATH_SEARCH_PATHS[sdk=macosx*]" = "@executable_path/../Frameworks";
				MACOSX_DEPLOYMENT_TARGET = 13.1;
				MARKETING_VERSION = 1.0;
				PRODUCT_BUNDLE_IDENTIFIER = com.suleman.Xpensify.Xpensify;
				PRODUCT_NAME = "$(TARGET_NAME)";
				SDKROOT = auto;
				SUPPORTED_PLATFORMS = "iphoneos iphonesimulator macosx";
				SWIFT_EMIT_LOC_STRINGS = YES;
				SWIFT_VERSION = 5.0;
				TARGETED_DEVICE_FAMILY = "1,2";
			};
			name = Debug;
		};
		18FD588B29F920BA00042E3D /* Release */ = {
			isa = XCBuildConfiguration;
			buildSettings = {
				ASSETCATALOG_COMPILER_APPICON_NAME = AppIcon;
				ASSETCATALOG_COMPILER_GLOBAL_ACCENT_COLOR_NAME = AccentColor;
				CODE_SIGN_ENTITLEMENTS = Xpensify/Xpensify.entitlements;
				CODE_SIGN_STYLE = Automatic;
				CURRENT_PROJECT_VERSION = 1;
				DEVELOPMENT_ASSET_PATHS = "\"Xpensify/Preview Content\"";
				DEVELOPMENT_TEAM = 4FT34TR735;
				ENABLE_HARDENED_RUNTIME = YES;
				ENABLE_PREVIEWS = YES;
				GENERATE_INFOPLIST_FILE = YES;
				"INFOPLIST_KEY_UIApplicationSceneManifest_Generation[sdk=iphoneos*]" = YES;
				"INFOPLIST_KEY_UIApplicationSceneManifest_Generation[sdk=iphonesimulator*]" = YES;
				"INFOPLIST_KEY_UIApplicationSupportsIndirectInputEvents[sdk=iphoneos*]" = YES;
				"INFOPLIST_KEY_UIApplicationSupportsIndirectInputEvents[sdk=iphonesimulator*]" = YES;
				"INFOPLIST_KEY_UILaunchScreen_Generation[sdk=iphoneos*]" = YES;
				"INFOPLIST_KEY_UILaunchScreen_Generation[sdk=iphonesimulator*]" = YES;
				"INFOPLIST_KEY_UIStatusBarStyle[sdk=iphoneos*]" = UIStatusBarStyleDefault;
				"INFOPLIST_KEY_UIStatusBarStyle[sdk=iphonesimulator*]" = UIStatusBarStyleDefault;
				INFOPLIST_KEY_UISupportedInterfaceOrientations_iPad = "UIInterfaceOrientationPortrait UIInterfaceOrientationPortraitUpsideDown UIInterfaceOrientationLandscapeLeft UIInterfaceOrientationLandscapeRight";
				INFOPLIST_KEY_UISupportedInterfaceOrientations_iPhone = "UIInterfaceOrientationPortrait UIInterfaceOrientationLandscapeLeft UIInterfaceOrientationLandscapeRight";
				IPHONEOS_DEPLOYMENT_TARGET = 16.2;
				LD_RUNPATH_SEARCH_PATHS = "@executable_path/Frameworks";
				"LD_RUNPATH_SEARCH_PATHS[sdk=macosx*]" = "@executable_path/../Frameworks";
				MACOSX_DEPLOYMENT_TARGET = 13.1;
				MARKETING_VERSION = 1.0;
				PRODUCT_BUNDLE_IDENTIFIER = com.suleman.Xpensify.Xpensify;
				PRODUCT_NAME = "$(TARGET_NAME)";
				SDKROOT = auto;
				SUPPORTED_PLATFORMS = "iphoneos iphonesimulator macosx";
				SWIFT_EMIT_LOC_STRINGS = YES;
				SWIFT_VERSION = 5.0;
				TARGETED_DEVICE_FAMILY = "1,2";
			};
			name = Release;
		};
/* End XCBuildConfiguration section */

/* Begin XCConfigurationList section */
		18FD587529F920B800042E3D /* Build configuration list for PBXProject "Xpensify" */ = {
			isa = XCConfigurationList;
			buildConfigurations = (
				18FD588729F920BA00042E3D /* Debug */,
				18FD588829F920BA00042E3D /* Release */,
			);
			defaultConfigurationIsVisible = 0;
			defaultConfigurationName = Release;
		};
		18FD588929F920BA00042E3D /* Build configuration list for PBXNativeTarget "Xpensify" */ = {
			isa = XCConfigurationList;
			buildConfigurations = (
				18FD588A29F920BA00042E3D /* Debug */,
				18FD588B29F920BA00042E3D /* Release */,
			);
			defaultConfigurationIsVisible = 0;
			defaultConfigurationName = Release;
		};
/* End XCConfigurationList section */
	};
	rootObject = 18FD587229F920B800042E3D /* Project object */;
}
